
Microsoft Visual Studio Solution File, Format Version 12.00
# Visual Studio Version 17
VisualStudioVersion = 17.0.32112.339
MinimumVisualStudioVersion = 10.0.40219.1
Project("{8BC9CEB8-8B4A-11D0-8D11-00A0C91BC942}") = "3_14", "3_14.vcxproj", "{9EB72108-DB40-4ACA-9759-E428CC21B8EA}"
EndProject
Global
	GlobalSection(SolutionConfigurationPlatforms) = preSolution
		Debug|x64 = Debug|x64
		Debug|x86 = Debug|x86
		Release|x64 = Release|x64
		Release|x86 = Release|x86
	EndGlobalSection
	GlobalSection(ProjectConfigurationPlatforms) = postSolution
		{9EB72108-DB40-4ACA-9759-E428CC21B8EA}.Debug|x64.ActiveCfg = Debug|x64
		{9EB72108-DB40-4ACA-9759-E428CC21B8EA}.Debug|x64.Build.0 = Debug|x64
		{9EB72108-DB40-4ACA-9759-E428CC21B8EA}.Debug|x86.ActiveCfg = Debug|Win32
		{9EB72108-DB40-4ACA-9759-E428CC21B8EA}.Debug|x86.Build.0 = Debug|Win32
		{9EB72108-DB40-4ACA-9759-E428CC21B8EA}.Release|x64.ActiveCfg = Release|x64
		{9EB72108-DB40-4ACA-9759-E428CC21B8EA}.Release|x64.Build.0 = Release|x64
		{9EB72108-DB40-4ACA-9759-E428CC21B8EA}.Release|x86.ActiveCfg = Release|Win32
		{9EB72108-DB40-4ACA-9759-E428CC21B8EA}.Release|x86.Build.0 = Release|Win32
	EndGlobalSection
	GlobalSection(SolutionProperties) = preSolution
		HideSolutionNode = FALSE
	EndGlobalSection
	GlobalSection(ExtensibilityGlobals) = postSolution
		SolutionGuid = {4DF61925-E62B-4A06-A075-1A9B5BF17E67}
	EndGlobalSection
EndGlobal
