
Microsoft Visual Studio Solution File, Format Version 12.00
# Visual Studio Version 17
VisualStudioVersion = 17.0.32112.339
MinimumVisualStudioVersion = 10.0.40219.1
Project("{8BC9CEB8-8B4A-11D0-8D11-00A0C91BC942}") = "5_15", "5_15.vcxproj", "{10E00494-30B8-4D27-BCBA-A889FB5D3BAB}"
EndProject
Global
	GlobalSection(SolutionConfigurationPlatforms) = preSolution
		Debug|x64 = Debug|x64
		Debug|x86 = Debug|x86
		Release|x64 = Release|x64
		Release|x86 = Release|x86
	EndGlobalSection
	GlobalSection(ProjectConfigurationPlatforms) = postSolution
		{10E00494-30B8-4D27-BCBA-A889FB5D3BAB}.Debug|x64.ActiveCfg = Debug|x64
		{10E00494-30B8-4D27-BCBA-A889FB5D3BAB}.Debug|x64.Build.0 = Debug|x64
		{10E00494-30B8-4D27-BCBA-A889FB5D3BAB}.Debug|x86.ActiveCfg = Debug|Win32
		{10E00494-30B8-4D27-BCBA-A889FB5D3BAB}.Debug|x86.Build.0 = Debug|Win32
		{10E00494-30B8-4D27-BCBA-A889FB5D3BAB}.Release|x64.ActiveCfg = Release|x64
		{10E00494-30B8-4D27-BCBA-A889FB5D3BAB}.Release|x64.Build.0 = Release|x64
		{10E00494-30B8-4D27-BCBA-A889FB5D3BAB}.Release|x86.ActiveCfg = Release|Win32
		{10E00494-30B8-4D27-BCBA-A889FB5D3BAB}.Release|x86.Build.0 = Release|Win32
	EndGlobalSection
	GlobalSection(SolutionProperties) = preSolution
		HideSolutionNode = FALSE
	EndGlobalSection
	GlobalSection(ExtensibilityGlobals) = postSolution
		SolutionGuid = {2549910B-EA14-45A3-A3CC-53EFE531FBE8}
	EndGlobalSection
EndGlobal
