
Microsoft Visual Studio Solution File, Format Version 12.00
# Visual Studio Version 17
VisualStudioVersion = 17.0.32112.339
MinimumVisualStudioVersion = 10.0.40219.1
Project("{8BC9CEB8-8B4A-11D0-8D11-00A0C91BC942}") = "5_17", "5_17.vcxproj", "{3541A4FA-FC5F-4CF2-8A99-BC701C5D9242}"
EndProject
Global
	GlobalSection(SolutionConfigurationPlatforms) = preSolution
		Debug|x64 = Debug|x64
		Debug|x86 = Debug|x86
		Release|x64 = Release|x64
		Release|x86 = Release|x86
	EndGlobalSection
	GlobalSection(ProjectConfigurationPlatforms) = postSolution
		{3541A4FA-FC5F-4CF2-8A99-BC701C5D9242}.Debug|x64.ActiveCfg = Debug|x64
		{3541A4FA-FC5F-4CF2-8A99-BC701C5D9242}.Debug|x64.Build.0 = Debug|x64
		{3541A4FA-FC5F-4CF2-8A99-BC701C5D9242}.Debug|x86.ActiveCfg = Debug|Win32
		{3541A4FA-FC5F-4CF2-8A99-BC701C5D9242}.Debug|x86.Build.0 = Debug|Win32
		{3541A4FA-FC5F-4CF2-8A99-BC701C5D9242}.Release|x64.ActiveCfg = Release|x64
		{3541A4FA-FC5F-4CF2-8A99-BC701C5D9242}.Release|x64.Build.0 = Release|x64
		{3541A4FA-FC5F-4CF2-8A99-BC701C5D9242}.Release|x86.ActiveCfg = Release|Win32
		{3541A4FA-FC5F-4CF2-8A99-BC701C5D9242}.Release|x86.Build.0 = Release|Win32
	EndGlobalSection
	GlobalSection(SolutionProperties) = preSolution
		HideSolutionNode = FALSE
	EndGlobalSection
	GlobalSection(ExtensibilityGlobals) = postSolution
		SolutionGuid = {9C32F8E6-6BE3-46DE-94B5-882E8C9E6377}
	EndGlobalSection
EndGlobal
